
Microsoft Visual Studio Solution File, Format Version 12.00
# Visual Studio Version 16
VisualStudioVersion = 16.0.29025.244
MinimumVisualStudioVersion = 10.0.40219.1
Project("{FAE04EC0-301F-11D3-BF4B-00C04F79EFBC}") = "RockPaperScissorsGame", "RockPaperScissorsGame.csproj", "{699759CD-1D8F-4F48-BEB1-5F257C46EE7B}"
EndProject
Global
	GlobalSection(SolutionConfigurationPlatforms) = preSolution
		Debug|Any CPU = Debug|Any CPU
		Release|Any CPU = Release|Any CPU
	EndGlobalSection
	GlobalSection(ProjectConfigurationPlatforms) = postSolution
		{699759CD-1D8F-4F48-BEB1-5F257C46EE7B}.Debug|Any CPU.ActiveCfg = Debug|Any CPU
		{699759CD-1D8F-4F48-BEB1-5F257C46EE7B}.Debug|Any CPU.Build.0 = Debug|Any CPU
		{699759CD-1D8F-4F48-BEB1-5F257C46EE7B}.Release|Any CPU.ActiveCfg = Release|Any CPU
		{699759CD-1D8F-4F48-BEB1-5F257C46EE7B}.Release|Any CPU.Build.0 = Release|Any CPU
	EndGlobalSection
	GlobalSection(SolutionProperties) = preSolution
		HideSolutionNode = FALSE
	EndGlobalSection
	GlobalSection(ExtensibilityGlobals) = postSolution
		SolutionGuid = {A1ABB89C-9ECC-4282-8ED9-240A1EF3F962}
	EndGlobalSection
EndGlobal
